
Microsoft Visual Studio Solution File, Format Version 11.00
# Visual Studio 2010
Project("{FAE04EC0-301F-11D3-BF4B-00C04F79EFBC}") = "Minimum distances1", "Minimum distances1\Minimum distances1.csproj", "{83C4561D-A816-4C08-A60E-0561B98790B2}"
EndProject
Global
	GlobalSection(SolutionConfigurationPlatforms) = preSolution
		Debug|x86 = Debug|x86
		Release|x86 = Release|x86
	EndGlobalSection
	GlobalSection(ProjectConfigurationPlatforms) = postSolution
		{83C4561D-A816-4C08-A60E-0561B98790B2}.Debug|x86.ActiveCfg = Debug|x86
		{83C4561D-A816-4C08-A60E-0561B98790B2}.Debug|x86.Build.0 = Debug|x86
		{83C4561D-A816-4C08-A60E-0561B98790B2}.Release|x86.ActiveCfg = Release|x86
		{83C4561D-A816-4C08-A60E-0561B98790B2}.Release|x86.Build.0 = Release|x86
	EndGlobalSection
	GlobalSection(SolutionProperties) = preSolution
		HideSolutionNode = FALSE
	EndGlobalSection
EndGlobal
