
Microsoft Visual Studio Solution File, Format Version 11.00
# Visual Studio 2010
Project("{F184B08F-C81C-45F6-A57F-5ABD9991F28F}") = "MyFirstMvcApplication", "MyFirstMvcApplication\MyFirstMvcApplication.vbproj", "{56F65731-0F44-4A48-AF89-0FE0D552C44A}"
EndProject
Global
	GlobalSection(SolutionConfigurationPlatforms) = preSolution
		Debug|Any CPU = Debug|Any CPU
		Release|Any CPU = Release|Any CPU
	EndGlobalSection
	GlobalSection(ProjectConfigurationPlatforms) = postSolution
		{56F65731-0F44-4A48-AF89-0FE0D552C44A}.Debug|Any CPU.ActiveCfg = Debug|Any CPU
		{56F65731-0F44-4A48-AF89-0FE0D552C44A}.Debug|Any CPU.Build.0 = Debug|Any CPU
		{56F65731-0F44-4A48-AF89-0FE0D552C44A}.Release|Any CPU.ActiveCfg = Release|Any CPU
		{56F65731-0F44-4A48-AF89-0FE0D552C44A}.Release|Any CPU.Build.0 = Release|Any CPU
	EndGlobalSection
	GlobalSection(SolutionProperties) = preSolution
		HideSolutionNode = FALSE
	EndGlobalSection
EndGlobal
